
Microsoft Visual Studio Solution File, Format Version 12.00
# Visual Studio Version 16
VisualStudioVersion = 16.0.30711.63
MinimumVisualStudioVersion = 10.0.40219.1
Project("{9A19103F-16F7-4668-BE54-9A1E7A4F7556}") = "FilmsApi", "FilmsApi.csproj", "{FA1EB83B-9F50-4262-9E1A-BFD36A6B01D0}"
EndProject
Global
	GlobalSection(SolutionConfigurationPlatforms) = preSolution
		Debug|Any CPU = Debug|Any CPU
		Release|Any CPU = Release|Any CPU
	EndGlobalSection
	GlobalSection(ProjectConfigurationPlatforms) = postSolution
		{FA1EB83B-9F50-4262-9E1A-BFD36A6B01D0}.Debug|Any CPU.ActiveCfg = Debug|Any CPU
		{FA1EB83B-9F50-4262-9E1A-BFD36A6B01D0}.Debug|Any CPU.Build.0 = Debug|Any CPU
		{FA1EB83B-9F50-4262-9E1A-BFD36A6B01D0}.Release|Any CPU.ActiveCfg = Release|Any CPU
		{FA1EB83B-9F50-4262-9E1A-BFD36A6B01D0}.Release|Any CPU.Build.0 = Release|Any CPU
	EndGlobalSection
	GlobalSection(SolutionProperties) = preSolution
		HideSolutionNode = FALSE
	EndGlobalSection
	GlobalSection(ExtensibilityGlobals) = postSolution
		SolutionGuid = {3DA3F581-E03E-44CA-B7E6-12B2181B707F}
	EndGlobalSection
EndGlobal
